
Microsoft Visual Studio Solution File, Format Version 12.00
# Visual Studio Version 17
VisualStudioVersion = 17.6.33829.357
MinimumVisualStudioVersion = 10.0.40219.1
Project("{9A19103F-16F7-4668-BE54-9A1E7A4F7556}") = "Ecommerce", "Ecommerce\Ecommerce.csproj", "{C52D5140-130D-493A-B603-5FD717DA18D6}"
EndProject
Project("{FAE04EC0-301F-11D3-BF4B-00C04F79EFBC}") = "DAL", "DAL\DAL.csproj", "{CC87377F-FC07-4827-A0AE-463AC32F47F5}"
EndProject
Project("{FAE04EC0-301F-11D3-BF4B-00C04F79EFBC}") = "BLL", "BLL\BLL.csproj", "{D5B11303-D85F-41E9-B9E4-A99A72248B9C}"
EndProject
Global
	GlobalSection(SolutionConfigurationPlatforms) = preSolution
		Debug|Any CPU = Debug|Any CPU
		Release|Any CPU = Release|Any CPU
	EndGlobalSection
	GlobalSection(ProjectConfigurationPlatforms) = postSolution
		{C52D5140-130D-493A-B603-5FD717DA18D6}.Debug|Any CPU.ActiveCfg = Debug|Any CPU
		{C52D5140-130D-493A-B603-5FD717DA18D6}.Debug|Any CPU.Build.0 = Debug|Any CPU
		{C52D5140-130D-493A-B603-5FD717DA18D6}.Release|Any CPU.ActiveCfg = Release|Any CPU
		{C52D5140-130D-493A-B603-5FD717DA18D6}.Release|Any CPU.Build.0 = Release|Any CPU
		{CC87377F-FC07-4827-A0AE-463AC32F47F5}.Debug|Any CPU.ActiveCfg = Debug|Any CPU
		{CC87377F-FC07-4827-A0AE-463AC32F47F5}.Debug|Any CPU.Build.0 = Debug|Any CPU
		{CC87377F-FC07-4827-A0AE-463AC32F47F5}.Release|Any CPU.ActiveCfg = Release|Any CPU
		{CC87377F-FC07-4827-A0AE-463AC32F47F5}.Release|Any CPU.Build.0 = Release|Any CPU
		{D5B11303-D85F-41E9-B9E4-A99A72248B9C}.Debug|Any CPU.ActiveCfg = Debug|Any CPU
		{D5B11303-D85F-41E9-B9E4-A99A72248B9C}.Debug|Any CPU.Build.0 = Debug|Any CPU
		{D5B11303-D85F-41E9-B9E4-A99A72248B9C}.Release|Any CPU.ActiveCfg = Release|Any CPU
		{D5B11303-D85F-41E9-B9E4-A99A72248B9C}.Release|Any CPU.Build.0 = Release|Any CPU
	EndGlobalSection
	GlobalSection(SolutionProperties) = preSolution
		HideSolutionNode = FALSE
	EndGlobalSection
	GlobalSection(ExtensibilityGlobals) = postSolution
		SolutionGuid = {DFAFAD46-0887-4388-8478-D54B4EEBD8F5}
	EndGlobalSection
EndGlobal
